
Microsoft Visual Studio Solution File, Format Version 12.00
# Visual Studio 15
VisualStudioVersion = 15.0.26430.6
MinimumVisualStudioVersion = 10.0.40219.1
Project("{FAE04EC0-301F-11D3-BF4B-00C04F79EFBC}") = "maplestory.io", "maplestory.io\maplestory.io.csproj", "{D16B4C8C-24CA-4D10-80CD-D020F2B0FF48}"
EndProject
Project("{FAE04EC0-301F-11D3-BF4B-00C04F79EFBC}") = "IntegrationTests", "IntegrationTests\IntegrationTests.csproj", "{E77C9949-FD1A-4127-BAB5-034EDFF01FB2}"
EndProject
Project("{FAE04EC0-301F-11D3-BF4B-00C04F79EFBC}") = "WZData", "WZData\WZData.csproj", "{39DCC75F-54A2-4E8C-BC86-AFCAAF7665DC}"
EndProject
Project("{FAE04EC0-301F-11D3-BF4B-00C04F79EFBC}") = "reWZ", "reWZ\reWZ.csproj", "{3F0D60F4-E6D0-481F-A46E-65BB5AED8B9E}"
EndProject
Global
	GlobalSection(SolutionConfigurationPlatforms) = preSolution
		Debug|Any CPU = Debug|Any CPU
		Release|Any CPU = Release|Any CPU
	EndGlobalSection
	GlobalSection(ProjectConfigurationPlatforms) = postSolution
		{D16B4C8C-24CA-4D10-80CD-D020F2B0FF48}.Debug|Any CPU.ActiveCfg = Debug|Any CPU
		{D16B4C8C-24CA-4D10-80CD-D020F2B0FF48}.Debug|Any CPU.Build.0 = Debug|Any CPU
		{D16B4C8C-24CA-4D10-80CD-D020F2B0FF48}.Release|Any CPU.ActiveCfg = Release|Any CPU
		{D16B4C8C-24CA-4D10-80CD-D020F2B0FF48}.Release|Any CPU.Build.0 = Release|Any CPU
		{E77C9949-FD1A-4127-BAB5-034EDFF01FB2}.Debug|Any CPU.ActiveCfg = Debug|Any CPU
		{E77C9949-FD1A-4127-BAB5-034EDFF01FB2}.Debug|Any CPU.Build.0 = Debug|Any CPU
		{E77C9949-FD1A-4127-BAB5-034EDFF01FB2}.Release|Any CPU.ActiveCfg = Release|Any CPU
		{E77C9949-FD1A-4127-BAB5-034EDFF01FB2}.Release|Any CPU.Build.0 = Release|Any CPU
		{39DCC75F-54A2-4E8C-BC86-AFCAAF7665DC}.Debug|Any CPU.ActiveCfg = Debug|Any CPU
		{39DCC75F-54A2-4E8C-BC86-AFCAAF7665DC}.Debug|Any CPU.Build.0 = Debug|Any CPU
		{39DCC75F-54A2-4E8C-BC86-AFCAAF7665DC}.Release|Any CPU.ActiveCfg = Release|Any CPU
		{39DCC75F-54A2-4E8C-BC86-AFCAAF7665DC}.Release|Any CPU.Build.0 = Release|Any CPU
		{3F0D60F4-E6D0-481F-A46E-65BB5AED8B9E}.Debug|Any CPU.ActiveCfg = Debug|Any CPU
		{3F0D60F4-E6D0-481F-A46E-65BB5AED8B9E}.Debug|Any CPU.Build.0 = Debug|Any CPU
		{3F0D60F4-E6D0-481F-A46E-65BB5AED8B9E}.Release|Any CPU.ActiveCfg = Release|Any CPU
		{3F0D60F4-E6D0-481F-A46E-65BB5AED8B9E}.Release|Any CPU.Build.0 = Release|Any CPU
	EndGlobalSection
	GlobalSection(SolutionProperties) = preSolution
		HideSolutionNode = FALSE
	EndGlobalSection
EndGlobal
