Microsoft Visual Studio Solution File, Format Version 12.00
# Visual Studio 15
VisualStudioVersion = 15.0.26730.12
MinimumVisualStudioVersion = 10.0.40219.1
Project("{9A19103F-16F7-4668-BE54-9A1E7A4F7556}") = "maplestory.io", "maplestory.io\maplestory.io.csproj", "{D16B4C8C-24CA-4D10-80CD-D020F2B0FF48}"
EndProject
Project("{9A19103F-16F7-4668-BE54-9A1E7A4F7556}") = "WZData", "WZData\WZData.csproj", "{39DCC75F-54A2-4E8C-BC86-AFCAAF7665DC}"
EndProject
Project("{9A19103F-16F7-4668-BE54-9A1E7A4F7556}") = "PKG1", "PKG1\PKG1.csproj", "{C3B772AB-3632-4F58-A64C-001F617A771C}"
EndProject
Global
	GlobalSection(SolutionConfigurationPlatforms) = preSolution
		Debug|Any CPU = Debug|Any CPU
		Debug|x64 = Debug|x64
		Debug|x86 = Debug|x86
		Release|Any CPU = Release|Any CPU
		Release|x64 = Release|x64
		Release|x86 = Release|x86
	EndGlobalSection
	GlobalSection(ProjectConfigurationPlatforms) = postSolution
		{D16B4C8C-24CA-4D10-80CD-D020F2B0FF48}.Debug|Any CPU.ActiveCfg = Debug|Any CPU
		{D16B4C8C-24CA-4D10-80CD-D020F2B0FF48}.Debug|Any CPU.Build.0 = Debug|Any CPU
		{D16B4C8C-24CA-4D10-80CD-D020F2B0FF48}.Debug|x64.ActiveCfg = Debug|Any CPU
		{D16B4C8C-24CA-4D10-80CD-D020F2B0FF48}.Debug|x64.Build.0 = Debug|Any CPU
		{D16B4C8C-24CA-4D10-80CD-D020F2B0FF48}.Debug|x86.ActiveCfg = Debug|Any CPU
		{D16B4C8C-24CA-4D10-80CD-D020F2B0FF48}.Debug|x86.Build.0 = Debug|Any CPU
		{D16B4C8C-24CA-4D10-80CD-D020F2B0FF48}.Release|Any CPU.ActiveCfg = Release|Any CPU
		{D16B4C8C-24CA-4D10-80CD-D020F2B0FF48}.Release|Any CPU.Build.0 = Release|Any CPU
		{D16B4C8C-24CA-4D10-80CD-D020F2B0FF48}.Release|x64.ActiveCfg = Release|Any CPU
		{D16B4C8C-24CA-4D10-80CD-D020F2B0FF48}.Release|x64.Build.0 = Release|Any CPU
		{D16B4C8C-24CA-4D10-80CD-D020F2B0FF48}.Release|x86.ActiveCfg = Release|Any CPU
		{D16B4C8C-24CA-4D10-80CD-D020F2B0FF48}.Release|x86.Build.0 = Release|Any CPU
		{39DCC75F-54A2-4E8C-BC86-AFCAAF7665DC}.Debug|Any CPU.ActiveCfg = Debug|Any CPU
		{39DCC75F-54A2-4E8C-BC86-AFCAAF7665DC}.Debug|Any CPU.Build.0 = Debug|Any CPU
		{39DCC75F-54A2-4E8C-BC86-AFCAAF7665DC}.Debug|x64.ActiveCfg = Debug|Any CPU
		{39DCC75F-54A2-4E8C-BC86-AFCAAF7665DC}.Debug|x64.Build.0 = Debug|Any CPU
		{39DCC75F-54A2-4E8C-BC86-AFCAAF7665DC}.Debug|x86.ActiveCfg = Debug|Any CPU
		{39DCC75F-54A2-4E8C-BC86-AFCAAF7665DC}.Debug|x86.Build.0 = Debug|Any CPU
		{39DCC75F-54A2-4E8C-BC86-AFCAAF7665DC}.Release|Any CPU.ActiveCfg = Release|Any CPU
		{39DCC75F-54A2-4E8C-BC86-AFCAAF7665DC}.Release|Any CPU.Build.0 = Release|Any CPU
		{39DCC75F-54A2-4E8C-BC86-AFCAAF7665DC}.Release|x64.ActiveCfg = Release|Any CPU
		{39DCC75F-54A2-4E8C-BC86-AFCAAF7665DC}.Release|x64.Build.0 = Release|Any CPU
		{39DCC75F-54A2-4E8C-BC86-AFCAAF7665DC}.Release|x86.ActiveCfg = Release|Any CPU
		{39DCC75F-54A2-4E8C-BC86-AFCAAF7665DC}.Release|x86.Build.0 = Release|Any CPU
		{C3B772AB-3632-4F58-A64C-001F617A771C}.Debug|Any CPU.ActiveCfg = Debug|Any CPU
		{C3B772AB-3632-4F58-A64C-001F617A771C}.Debug|Any CPU.Build.0 = Debug|Any CPU
		{C3B772AB-3632-4F58-A64C-001F617A771C}.Debug|x64.ActiveCfg = Debug|Any CPU
		{C3B772AB-3632-4F58-A64C-001F617A771C}.Debug|x64.Build.0 = Debug|Any CPU
		{C3B772AB-3632-4F58-A64C-001F617A771C}.Debug|x86.ActiveCfg = Debug|Any CPU
		{C3B772AB-3632-4F58-A64C-001F617A771C}.Debug|x86.Build.0 = Debug|Any CPU
		{C3B772AB-3632-4F58-A64C-001F617A771C}.Release|Any CPU.ActiveCfg = Release|Any CPU
		{C3B772AB-3632-4F58-A64C-001F617A771C}.Release|Any CPU.Build.0 = Release|Any CPU
		{C3B772AB-3632-4F58-A64C-001F617A771C}.Release|x64.ActiveCfg = Release|Any CPU
		{C3B772AB-3632-4F58-A64C-001F617A771C}.Release|x64.Build.0 = Release|Any CPU
		{C3B772AB-3632-4F58-A64C-001F617A771C}.Release|x86.ActiveCfg = Release|Any CPU
		{C3B772AB-3632-4F58-A64C-001F617A771C}.Release|x86.Build.0 = Release|Any CPU
	EndGlobalSection
	GlobalSection(SolutionProperties) = preSolution
		HideSolutionNode = FALSE
	EndGlobalSection
	GlobalSection(ExtensibilityGlobals) = postSolution
		SolutionGuid = {9F285ED4-3A0D-4309-80FE-469E219566BC}
	EndGlobalSection
EndGlobal
