
Microsoft Visual Studio Solution File, Format Version 12.00
# Visual Studio 15
VisualStudioVersion = 15.0.26430.6
MinimumVisualStudioVersion = 10.0.40219.1
Project("{FAE04EC0-301F-11D3-BF4B-00C04F79EFBC}") = "maplestory.io", "maplestory.io\maplestory.io.csproj", "{D16B4C8C-24CA-4D10-80CD-D020F2B0FF48}"
EndProject
Project("{FAE04EC0-301F-11D3-BF4B-00C04F79EFBC}") = "IntegrationTests", "IntegrationTests\IntegrationTests.csproj", "{E77C9949-FD1A-4127-BAB5-034EDFF01FB2}"
EndProject
Project("{FAE04EC0-301F-11D3-BF4B-00C04F79EFBC}") = "WZData", "WZData\WZData.csproj", "{39DCC75F-54A2-4E8C-BC86-AFCAAF7665DC}"
EndProject
Project("{FAE04EC0-301F-11D3-BF4B-00C04F79EFBC}") = "PKG1", "PKG1\PKG1.csproj", "{C3B772AB-3632-4F58-A64C-001F617A771C}"
EndProject
Project("{FAE04EC0-301F-11D3-BF4B-00C04F79EFBC}") = "PKG1-Testing", "PKG1-Testing\PKG1-Testing.csproj", "{3B8974C4-4CD9-45EC-B72B-D85BE436851E}"
EndProject
Global
	GlobalSection(SolutionConfigurationPlatforms) = preSolution
		Debug|Any CPU = Debug|Any CPU
		Release|Any CPU = Release|Any CPU
		Debug|x64 = Debug|x64
		Debug|x86 = Debug|x86
		Release|x64 = Release|x64
		Release|x86 = Release|x86
	EndGlobalSection
	GlobalSection(ProjectConfigurationPlatforms) = postSolution
		{D16B4C8C-24CA-4D10-80CD-D020F2B0FF48}.Debug|Any CPU.ActiveCfg = Debug|Any CPU
		{D16B4C8C-24CA-4D10-80CD-D020F2B0FF48}.Debug|Any CPU.Build.0 = Debug|Any CPU
		{D16B4C8C-24CA-4D10-80CD-D020F2B0FF48}.Release|Any CPU.ActiveCfg = Release|Any CPU
		{D16B4C8C-24CA-4D10-80CD-D020F2B0FF48}.Release|Any CPU.Build.0 = Release|Any CPU
		{E77C9949-FD1A-4127-BAB5-034EDFF01FB2}.Debug|Any CPU.ActiveCfg = Debug|Any CPU
		{E77C9949-FD1A-4127-BAB5-034EDFF01FB2}.Debug|Any CPU.Build.0 = Debug|Any CPU
		{E77C9949-FD1A-4127-BAB5-034EDFF01FB2}.Release|Any CPU.ActiveCfg = Release|Any CPU
		{E77C9949-FD1A-4127-BAB5-034EDFF01FB2}.Release|Any CPU.Build.0 = Release|Any CPU
		{39DCC75F-54A2-4E8C-BC86-AFCAAF7665DC}.Debug|Any CPU.ActiveCfg = Debug|Any CPU
		{39DCC75F-54A2-4E8C-BC86-AFCAAF7665DC}.Debug|Any CPU.Build.0 = Debug|Any CPU
		{39DCC75F-54A2-4E8C-BC86-AFCAAF7665DC}.Release|Any CPU.ActiveCfg = Release|Any CPU
		{39DCC75F-54A2-4E8C-BC86-AFCAAF7665DC}.Release|Any CPU.Build.0 = Release|Any CPU
		{C3B772AB-3632-4F58-A64C-001F617A771C}.Debug|Any CPU.ActiveCfg = Debug|Any CPU
		{C3B772AB-3632-4F58-A64C-001F617A771C}.Debug|Any CPU.Build.0 = Debug|Any CPU
		{C3B772AB-3632-4F58-A64C-001F617A771C}.Debug|x64.ActiveCfg = Debug|x64
		{C3B772AB-3632-4F58-A64C-001F617A771C}.Debug|x64.Build.0 = Debug|x64
		{C3B772AB-3632-4F58-A64C-001F617A771C}.Debug|x86.ActiveCfg = Debug|x86
		{C3B772AB-3632-4F58-A64C-001F617A771C}.Debug|x86.Build.0 = Debug|x86
		{C3B772AB-3632-4F58-A64C-001F617A771C}.Release|Any CPU.ActiveCfg = Release|Any CPU
		{C3B772AB-3632-4F58-A64C-001F617A771C}.Release|Any CPU.Build.0 = Release|Any CPU
		{C3B772AB-3632-4F58-A64C-001F617A771C}.Release|x64.ActiveCfg = Release|x64
		{C3B772AB-3632-4F58-A64C-001F617A771C}.Release|x64.Build.0 = Release|x64
		{C3B772AB-3632-4F58-A64C-001F617A771C}.Release|x86.ActiveCfg = Release|x86
		{C3B772AB-3632-4F58-A64C-001F617A771C}.Release|x86.Build.0 = Release|x86
		{3B8974C4-4CD9-45EC-B72B-D85BE436851E}.Debug|Any CPU.ActiveCfg = Debug|Any CPU
		{3B8974C4-4CD9-45EC-B72B-D85BE436851E}.Debug|Any CPU.Build.0 = Debug|Any CPU
		{3B8974C4-4CD9-45EC-B72B-D85BE436851E}.Debug|x64.ActiveCfg = Debug|x64
		{3B8974C4-4CD9-45EC-B72B-D85BE436851E}.Debug|x64.Build.0 = Debug|x64
		{3B8974C4-4CD9-45EC-B72B-D85BE436851E}.Debug|x86.ActiveCfg = Debug|x86
		{3B8974C4-4CD9-45EC-B72B-D85BE436851E}.Debug|x86.Build.0 = Debug|x86
		{3B8974C4-4CD9-45EC-B72B-D85BE436851E}.Release|Any CPU.ActiveCfg = Release|Any CPU
		{3B8974C4-4CD9-45EC-B72B-D85BE436851E}.Release|Any CPU.Build.0 = Release|Any CPU
		{3B8974C4-4CD9-45EC-B72B-D85BE436851E}.Release|x64.ActiveCfg = Release|x64
		{3B8974C4-4CD9-45EC-B72B-D85BE436851E}.Release|x64.Build.0 = Release|x64
		{3B8974C4-4CD9-45EC-B72B-D85BE436851E}.Release|x86.ActiveCfg = Release|x86
		{3B8974C4-4CD9-45EC-B72B-D85BE436851E}.Release|x86.Build.0 = Release|x86
	EndGlobalSection
	GlobalSection(SolutionProperties) = preSolution
		HideSolutionNode = FALSE
	EndGlobalSection
EndGlobal
